
Microsoft Visual Studio Solution File, Format Version 12.00
# Visual Studio Version 16
VisualStudioVersion = 16.0.30114.105
MinimumVisualStudioVersion = 10.0.40219.1
Project("{2150E333-8FDC-42A3-9474-1A3956D46DE8}") = "src", "src", "{504E80A1-DEA5-4E54-83BB-4413A7EF75DA}"
EndProject
Project("{FAE04EC0-301F-11D3-BF4B-00C04F79EFBC}") = "DecoratorPlain", "src\DecoratorPlain\DecoratorPlain.csproj", "{16CD4C89-3ABB-4880-9F7D-B0E06F0ECAD0}"
EndProject
Project("{2150E333-8FDC-42A3-9474-1A3956D46DE8}") = "test", "test", "{03C6B58D-B909-4FB9-8E68-34C27192289D}"
EndProject
Project("{FAE04EC0-301F-11D3-BF4B-00C04F79EFBC}") = "DecoratorPlainTest", "test\DecoratorPlainTest\DecoratorPlainTest.csproj", "{0D44B127-BB80-43A1-9BD2-EFB39ADFF055}"
EndProject
Project("{FAE04EC0-301F-11D3-BF4B-00C04F79EFBC}") = "Composite", "src\Composite\Composite.csproj", "{DF78244F-E01A-4603-BFAD-36558F5BB47B}"
EndProject
Project("{FAE04EC0-301F-11D3-BF4B-00C04F79EFBC}") = "CompositeTest", "test\CompositeTest\CompositeTest.csproj", "{A088E771-79C2-4CC3-99D8-E9D4F2C94359}"
EndProject
Project("{FAE04EC0-301F-11D3-BF4B-00C04F79EFBC}") = "Adapter", "src\Adapter\Adapter.csproj", "{105BC176-9698-4DB9-B805-FFF2DF953F6C}"
EndProject
Project("{FAE04EC0-301F-11D3-BF4B-00C04F79EFBC}") = "AdapterTest", "test\AdapterTest\AdapterTest.csproj", "{B8D01D45-224A-41DE-B498-C366BEEE1419}"
EndProject
Project("{FAE04EC0-301F-11D3-BF4B-00C04F79EFBC}") = "Facade", "src\Facade\Facade.csproj", "{85AF2B95-DF81-4B50-A3E1-18962F2626FB}"
EndProject
Project("{FAE04EC0-301F-11D3-BF4B-00C04F79EFBC}") = "OpaqueFacadeSubSystem", "src\OpaqueFacadeSubSystem\OpaqueFacadeSubSystem.csproj", "{FCA58C3F-33E6-41E9-A6A6-3698D7CDBC66}"
EndProject
Project("{FAE04EC0-301F-11D3-BF4B-00C04F79EFBC}") = "TransparentFacadeSubSystem", "src\TransparentFacadeSubSystem\TransparentFacadeSubSystem.csproj", "{304AA923-3DA0-4903-99B1-3D9AD5FE582A}"
EndProject
Global
	GlobalSection(SolutionConfigurationPlatforms) = preSolution
		Debug|Any CPU = Debug|Any CPU
		Release|Any CPU = Release|Any CPU
	EndGlobalSection
	GlobalSection(SolutionProperties) = preSolution
		HideSolutionNode = FALSE
	EndGlobalSection
	GlobalSection(ProjectConfigurationPlatforms) = postSolution
		{16CD4C89-3ABB-4880-9F7D-B0E06F0ECAD0}.Debug|Any CPU.ActiveCfg = Debug|Any CPU
		{16CD4C89-3ABB-4880-9F7D-B0E06F0ECAD0}.Debug|Any CPU.Build.0 = Debug|Any CPU
		{16CD4C89-3ABB-4880-9F7D-B0E06F0ECAD0}.Release|Any CPU.ActiveCfg = Release|Any CPU
		{16CD4C89-3ABB-4880-9F7D-B0E06F0ECAD0}.Release|Any CPU.Build.0 = Release|Any CPU
		{0D44B127-BB80-43A1-9BD2-EFB39ADFF055}.Debug|Any CPU.ActiveCfg = Debug|Any CPU
		{0D44B127-BB80-43A1-9BD2-EFB39ADFF055}.Debug|Any CPU.Build.0 = Debug|Any CPU
		{0D44B127-BB80-43A1-9BD2-EFB39ADFF055}.Release|Any CPU.ActiveCfg = Release|Any CPU
		{0D44B127-BB80-43A1-9BD2-EFB39ADFF055}.Release|Any CPU.Build.0 = Release|Any CPU
		{DF78244F-E01A-4603-BFAD-36558F5BB47B}.Debug|Any CPU.ActiveCfg = Debug|Any CPU
		{DF78244F-E01A-4603-BFAD-36558F5BB47B}.Debug|Any CPU.Build.0 = Debug|Any CPU
		{DF78244F-E01A-4603-BFAD-36558F5BB47B}.Release|Any CPU.ActiveCfg = Release|Any CPU
		{DF78244F-E01A-4603-BFAD-36558F5BB47B}.Release|Any CPU.Build.0 = Release|Any CPU
		{A088E771-79C2-4CC3-99D8-E9D4F2C94359}.Debug|Any CPU.ActiveCfg = Debug|Any CPU
		{A088E771-79C2-4CC3-99D8-E9D4F2C94359}.Debug|Any CPU.Build.0 = Debug|Any CPU
		{A088E771-79C2-4CC3-99D8-E9D4F2C94359}.Release|Any CPU.ActiveCfg = Release|Any CPU
		{A088E771-79C2-4CC3-99D8-E9D4F2C94359}.Release|Any CPU.Build.0 = Release|Any CPU
		{105BC176-9698-4DB9-B805-FFF2DF953F6C}.Debug|Any CPU.ActiveCfg = Debug|Any CPU
		{105BC176-9698-4DB9-B805-FFF2DF953F6C}.Debug|Any CPU.Build.0 = Debug|Any CPU
		{105BC176-9698-4DB9-B805-FFF2DF953F6C}.Release|Any CPU.ActiveCfg = Release|Any CPU
		{105BC176-9698-4DB9-B805-FFF2DF953F6C}.Release|Any CPU.Build.0 = Release|Any CPU
		{B8D01D45-224A-41DE-B498-C366BEEE1419}.Debug|Any CPU.ActiveCfg = Debug|Any CPU
		{B8D01D45-224A-41DE-B498-C366BEEE1419}.Debug|Any CPU.Build.0 = Debug|Any CPU
		{B8D01D45-224A-41DE-B498-C366BEEE1419}.Release|Any CPU.ActiveCfg = Release|Any CPU
		{B8D01D45-224A-41DE-B498-C366BEEE1419}.Release|Any CPU.Build.0 = Release|Any CPU
		{85AF2B95-DF81-4B50-A3E1-18962F2626FB}.Debug|Any CPU.ActiveCfg = Debug|Any CPU
		{85AF2B95-DF81-4B50-A3E1-18962F2626FB}.Debug|Any CPU.Build.0 = Debug|Any CPU
		{85AF2B95-DF81-4B50-A3E1-18962F2626FB}.Release|Any CPU.ActiveCfg = Release|Any CPU
		{85AF2B95-DF81-4B50-A3E1-18962F2626FB}.Release|Any CPU.Build.0 = Release|Any CPU
		{FCA58C3F-33E6-41E9-A6A6-3698D7CDBC66}.Debug|Any CPU.ActiveCfg = Debug|Any CPU
		{FCA58C3F-33E6-41E9-A6A6-3698D7CDBC66}.Debug|Any CPU.Build.0 = Debug|Any CPU
		{FCA58C3F-33E6-41E9-A6A6-3698D7CDBC66}.Release|Any CPU.ActiveCfg = Release|Any CPU
		{FCA58C3F-33E6-41E9-A6A6-3698D7CDBC66}.Release|Any CPU.Build.0 = Release|Any CPU
		{304AA923-3DA0-4903-99B1-3D9AD5FE582A}.Debug|Any CPU.ActiveCfg = Debug|Any CPU
		{304AA923-3DA0-4903-99B1-3D9AD5FE582A}.Debug|Any CPU.Build.0 = Debug|Any CPU
		{304AA923-3DA0-4903-99B1-3D9AD5FE582A}.Release|Any CPU.ActiveCfg = Release|Any CPU
		{304AA923-3DA0-4903-99B1-3D9AD5FE582A}.Release|Any CPU.Build.0 = Release|Any CPU
	EndGlobalSection
	GlobalSection(NestedProjects) = preSolution
		{16CD4C89-3ABB-4880-9F7D-B0E06F0ECAD0} = {504E80A1-DEA5-4E54-83BB-4413A7EF75DA}
		{0D44B127-BB80-43A1-9BD2-EFB39ADFF055} = {03C6B58D-B909-4FB9-8E68-34C27192289D}
		{DF78244F-E01A-4603-BFAD-36558F5BB47B} = {504E80A1-DEA5-4E54-83BB-4413A7EF75DA}
		{A088E771-79C2-4CC3-99D8-E9D4F2C94359} = {03C6B58D-B909-4FB9-8E68-34C27192289D}
		{105BC176-9698-4DB9-B805-FFF2DF953F6C} = {504E80A1-DEA5-4E54-83BB-4413A7EF75DA}
		{B8D01D45-224A-41DE-B498-C366BEEE1419} = {03C6B58D-B909-4FB9-8E68-34C27192289D}
		{85AF2B95-DF81-4B50-A3E1-18962F2626FB} = {504E80A1-DEA5-4E54-83BB-4413A7EF75DA}
		{FCA58C3F-33E6-41E9-A6A6-3698D7CDBC66} = {504E80A1-DEA5-4E54-83BB-4413A7EF75DA}
		{304AA923-3DA0-4903-99B1-3D9AD5FE582A} = {504E80A1-DEA5-4E54-83BB-4413A7EF75DA}
	EndGlobalSection
EndGlobal
